// !$*UTF8*$!
{
	archiveVersion = 1;
	classes = {
	};
	objectVersion = 51;
	objects = {

/* Begin PBXBuildFile section */
		03A02CC969F16CACE0E19F2C /* Pods_MoviesDBTests.framework in Frameworks */ = {isa = PBXBuildFile; fileRef = 4D41A307116E8F289ADEA846 /* Pods_MoviesDBTests.framework */; };
		395F2F3C049F313964F71DEA /* Pods_MoviesDB.framework in Frameworks */ = {isa = PBXBuildFile; fileRef = 6B16263CD25983931C8EDF53 /* Pods_MoviesDB.framework */; };
		C32DB4CF2390864600DFDCE7 /* MovieStubCell.swift in Sources */ = {isa = PBXBuildFile; fileRef = C32DB4CE2390863800DFDCE7 /* MovieStubCell.swift */; };
		C32DB4D02390864600DFDCE7 /* MovieStubCell.swift in Sources */ = {isa = PBXBuildFile; fileRef = C32DB4CE2390863800DFDCE7 /* MovieStubCell.swift */; };
		C32DB4D12390864700DFDCE7 /* MovieStubCell.swift in Sources */ = {isa = PBXBuildFile; fileRef = C32DB4CE2390863800DFDCE7 /* MovieStubCell.swift */; };
		C334B81C238FC68000F2E640 /* SegmentedCell.swift in Sources */ = {isa = PBXBuildFile; fileRef = C334B81B238FC65A00F2E640 /* SegmentedCell.swift */; };
		C334B81D238FC68100F2E640 /* SegmentedCell.swift in Sources */ = {isa = PBXBuildFile; fileRef = C334B81B238FC65A00F2E640 /* SegmentedCell.swift */; };
		C334B81E238FC68100F2E640 /* SegmentedCell.swift in Sources */ = {isa = PBXBuildFile; fileRef = C334B81B238FC65A00F2E640 /* SegmentedCell.swift */; };
		C3570260238C3F8B008FC600 /* Movies.storyboard in Resources */ = {isa = PBXBuildFile; fileRef = C357025F238C3F8B008FC600 /* Movies.storyboard */; };
		C3570261238C3F8B008FC600 /* Movies.storyboard in Resources */ = {isa = PBXBuildFile; fileRef = C357025F238C3F8B008FC600 /* Movies.storyboard */; };
		C3570262238C3F8B008FC600 /* Movies.storyboard in Resources */ = {isa = PBXBuildFile; fileRef = C357025F238C3F8B008FC600 /* Movies.storyboard */; };
		C3570265238C46EB008FC600 /* Movie.swift in Sources */ = {isa = PBXBuildFile; fileRef = C3570264238C46EB008FC600 /* Movie.swift */; };
		C3570266238C46EB008FC600 /* Movie.swift in Sources */ = {isa = PBXBuildFile; fileRef = C3570264238C46EB008FC600 /* Movie.swift */; };
		C3570267238C46EB008FC600 /* Movie.swift in Sources */ = {isa = PBXBuildFile; fileRef = C3570264238C46EB008FC600 /* Movie.swift */; };
		C3570269238C49F3008FC600 /* JSONDecoderEncoder.swift in Sources */ = {isa = PBXBuildFile; fileRef = C3570268238C49F3008FC600 /* JSONDecoderEncoder.swift */; };
		C357026A238C49F3008FC600 /* JSONDecoderEncoder.swift in Sources */ = {isa = PBXBuildFile; fileRef = C3570268238C49F3008FC600 /* JSONDecoderEncoder.swift */; };
		C357026B238C49F3008FC600 /* JSONDecoderEncoder.swift in Sources */ = {isa = PBXBuildFile; fileRef = C3570268238C49F3008FC600 /* JSONDecoderEncoder.swift */; };
		C357026D238C4F80008FC600 /* UnauthorizedAPI.swift in Sources */ = {isa = PBXBuildFile; fileRef = C357026C238C4F80008FC600 /* UnauthorizedAPI.swift */; };
		C357026E238C4F80008FC600 /* UnauthorizedAPI.swift in Sources */ = {isa = PBXBuildFile; fileRef = C357026C238C4F80008FC600 /* UnauthorizedAPI.swift */; };
		C357026F238C4F80008FC600 /* UnauthorizedAPI.swift in Sources */ = {isa = PBXBuildFile; fileRef = C357026C238C4F80008FC600 /* UnauthorizedAPI.swift */; };
		C3570270238C4FE1008FC600 /* API.swift in Sources */ = {isa = PBXBuildFile; fileRef = C35B1CCF237AE3BC00609C96 /* API.swift */; };
		C3570271238C4FE1008FC600 /* API.swift in Sources */ = {isa = PBXBuildFile; fileRef = C35B1CCF237AE3BC00609C96 /* API.swift */; };
		C3570272238C4FE1008FC600 /* API.swift in Sources */ = {isa = PBXBuildFile; fileRef = C35B1CCF237AE3BC00609C96 /* API.swift */; };
		C3570275238C7320008FC600 /* State.swift in Sources */ = {isa = PBXBuildFile; fileRef = C3570274238C7320008FC600 /* State.swift */; };
		C3570276238C7320008FC600 /* State.swift in Sources */ = {isa = PBXBuildFile; fileRef = C3570274238C7320008FC600 /* State.swift */; };
		C3570277238C7320008FC600 /* State.swift in Sources */ = {isa = PBXBuildFile; fileRef = C3570274238C7320008FC600 /* State.swift */; };
		C3570279238C73D1008FC600 /* MoviesState.swift in Sources */ = {isa = PBXBuildFile; fileRef = C3570278238C73D1008FC600 /* MoviesState.swift */; };
		C357027A238C73D1008FC600 /* MoviesState.swift in Sources */ = {isa = PBXBuildFile; fileRef = C3570278238C73D1008FC600 /* MoviesState.swift */; };
		C357027B238C73D1008FC600 /* MoviesState.swift in Sources */ = {isa = PBXBuildFile; fileRef = C3570278238C73D1008FC600 /* MoviesState.swift */; };
		C357027E238C7525008FC600 /* MoviesTVC.swift in Sources */ = {isa = PBXBuildFile; fileRef = C357027D238C7525008FC600 /* MoviesTVC.swift */; };
		C357027F238C7525008FC600 /* MoviesTVC.swift in Sources */ = {isa = PBXBuildFile; fileRef = C357027D238C7525008FC600 /* MoviesTVC.swift */; };
		C3570280238C7525008FC600 /* MoviesTVC.swift in Sources */ = {isa = PBXBuildFile; fileRef = C357027D238C7525008FC600 /* MoviesTVC.swift */; };
		C3CE9D56238DC61400220E23 /* MovieCell.swift in Sources */ = {isa = PBXBuildFile; fileRef = C3CE9D55238DC61400220E23 /* MovieCell.swift */; };
		C3CE9D57238DC61400220E23 /* MovieCell.swift in Sources */ = {isa = PBXBuildFile; fileRef = C3CE9D55238DC61400220E23 /* MovieCell.swift */; };
		C3CE9D58238DC61400220E23 /* MovieCell.swift in Sources */ = {isa = PBXBuildFile; fileRef = C3CE9D55238DC61400220E23 /* MovieCell.swift */; };
		C3DFBAC72378A0C2003259FF /* AppDelegate.swift in Sources */ = {isa = PBXBuildFile; fileRef = C3DFBAC62378A0C2003259FF /* AppDelegate.swift */; };
		C3DFBAC92378A0C2003259FF /* SceneDelegate.swift in Sources */ = {isa = PBXBuildFile; fileRef = C3DFBAC82378A0C2003259FF /* SceneDelegate.swift */; };
		C3DFBACE2378A0C2003259FF /* Main.storyboard in Resources */ = {isa = PBXBuildFile; fileRef = C3DFBACC2378A0C2003259FF /* Main.storyboard */; };
		C3DFBAD12378A0C2003259FF /* MoviesDB.xcdatamodeld in Sources */ = {isa = PBXBuildFile; fileRef = C3DFBACF2378A0C2003259FF /* MoviesDB.xcdatamodeld */; };
		C3DFBAD32378A0C4003259FF /* Assets.xcassets in Resources */ = {isa = PBXBuildFile; fileRef = C3DFBAD22378A0C4003259FF /* Assets.xcassets */; };
		C3DFBAD62378A0C4003259FF /* LaunchScreen.storyboard in Resources */ = {isa = PBXBuildFile; fileRef = C3DFBAD42378A0C4003259FF /* LaunchScreen.storyboard */; };
		C3DFBAE12378A0C4003259FF /* MoviesDBTests.swift in Sources */ = {isa = PBXBuildFile; fileRef = C3DFBAE02378A0C4003259FF /* MoviesDBTests.swift */; };
		C3DFBAEC2378A0C4003259FF /* MoviesDBUITests.swift in Sources */ = {isa = PBXBuildFile; fileRef = C3DFBAEB2378A0C4003259FF /* MoviesDBUITests.swift */; };
		C3DFBAFC2378A553003259FF /* MoviesVC.swift in Sources */ = {isa = PBXBuildFile; fileRef = C3DFBAF92378A553003259FF /* MoviesVC.swift */; };
		C3DFBAFD2378A553003259FF /* MoviesVC.swift in Sources */ = {isa = PBXBuildFile; fileRef = C3DFBAF92378A553003259FF /* MoviesVC.swift */; };
		C3DFBAFE2378A553003259FF /* MoviesVC.swift in Sources */ = {isa = PBXBuildFile; fileRef = C3DFBAF92378A553003259FF /* MoviesVC.swift */; };
		C3DFBAFF2378A553003259FF /* CounterState.swift in Sources */ = {isa = PBXBuildFile; fileRef = C3DFBAFA2378A553003259FF /* CounterState.swift */; };
		C3DFBB002378A553003259FF /* CounterState.swift in Sources */ = {isa = PBXBuildFile; fileRef = C3DFBAFA2378A553003259FF /* CounterState.swift */; };
		C3DFBB012378A553003259FF /* CounterState.swift in Sources */ = {isa = PBXBuildFile; fileRef = C3DFBAFA2378A553003259FF /* CounterState.swift */; };
		C3DFBB022378A553003259FF /* Store.swift in Sources */ = {isa = PBXBuildFile; fileRef = C3DFBAFB2378A553003259FF /* Store.swift */; };
		C3DFBB032378A553003259FF /* Store.swift in Sources */ = {isa = PBXBuildFile; fileRef = C3DFBAFB2378A553003259FF /* Store.swift */; };
		C3DFBB042378A553003259FF /* Store.swift in Sources */ = {isa = PBXBuildFile; fileRef = C3DFBAFB2378A553003259FF /* Store.swift */; };
		F8ABCC29DE07F8771CCF5055 /* Pods_MoviesDBUITests.framework in Frameworks */ = {isa = PBXBuildFile; fileRef = A7452F1FB4565CB811AB63EF /* Pods_MoviesDBUITests.framework */; };
/* End PBXBuildFile section */

/* Begin PBXContainerItemProxy section */
		C3DFBADD2378A0C4003259FF /* PBXContainerItemProxy */ = {
			isa = PBXContainerItemProxy;
			containerPortal = C3DFBABB2378A0C2003259FF /* Project object */;
			proxyType = 1;
			remoteGlobalIDString = C3DFBAC22378A0C2003259FF;
			remoteInfo = MoviesDB;
		};
		C3DFBAE82378A0C4003259FF /* PBXContainerItemProxy */ = {
			isa = PBXContainerItemProxy;
			containerPortal = C3DFBABB2378A0C2003259FF /* Project object */;
			proxyType = 1;
			remoteGlobalIDString = C3DFBAC22378A0C2003259FF;
			remoteInfo = MoviesDB;
		};
/* End PBXContainerItemProxy section */

/* Begin PBXFileReference section */
		071F8EB920C4D09F4597E84E /* Pods-MoviesDBTests.debug.xcconfig */ = {isa = PBXFileReference; includeInIndex = 1; lastKnownFileType = text.xcconfig; name = "Pods-MoviesDBTests.debug.xcconfig"; path = "Target Support Files/Pods-MoviesDBTests/Pods-MoviesDBTests.debug.xcconfig"; sourceTree = "<group>"; };
		191EE2BDB908609E68F67E01 /* Pods-MoviesDBUITests.debug.xcconfig */ = {isa = PBXFileReference; includeInIndex = 1; lastKnownFileType = text.xcconfig; name = "Pods-MoviesDBUITests.debug.xcconfig"; path = "Target Support Files/Pods-MoviesDBUITests/Pods-MoviesDBUITests.debug.xcconfig"; sourceTree = "<group>"; };
		4D41A307116E8F289ADEA846 /* Pods_MoviesDBTests.framework */ = {isa = PBXFileReference; explicitFileType = wrapper.framework; includeInIndex = 0; path = Pods_MoviesDBTests.framework; sourceTree = BUILT_PRODUCTS_DIR; };
		4FCFEFEFE2199DD1E1910833 /* Pods-MoviesDBUITests.release.xcconfig */ = {isa = PBXFileReference; includeInIndex = 1; lastKnownFileType = text.xcconfig; name = "Pods-MoviesDBUITests.release.xcconfig"; path = "Target Support Files/Pods-MoviesDBUITests/Pods-MoviesDBUITests.release.xcconfig"; sourceTree = "<group>"; };
		6B16263CD25983931C8EDF53 /* Pods_MoviesDB.framework */ = {isa = PBXFileReference; explicitFileType = wrapper.framework; includeInIndex = 0; path = Pods_MoviesDB.framework; sourceTree = BUILT_PRODUCTS_DIR; };
		793EA4C7B4A52D0E89A3755E /* Pods-MoviesDB.debug.xcconfig */ = {isa = PBXFileReference; includeInIndex = 1; lastKnownFileType = text.xcconfig; name = "Pods-MoviesDB.debug.xcconfig"; path = "Target Support Files/Pods-MoviesDB/Pods-MoviesDB.debug.xcconfig"; sourceTree = "<group>"; };
		9600FDF24FD32F2FC8F58F22 /* Pods-MoviesDB.release.xcconfig */ = {isa = PBXFileReference; includeInIndex = 1; lastKnownFileType = text.xcconfig; name = "Pods-MoviesDB.release.xcconfig"; path = "Target Support Files/Pods-MoviesDB/Pods-MoviesDB.release.xcconfig"; sourceTree = "<group>"; };
		A7452F1FB4565CB811AB63EF /* Pods_MoviesDBUITests.framework */ = {isa = PBXFileReference; explicitFileType = wrapper.framework; includeInIndex = 0; path = Pods_MoviesDBUITests.framework; sourceTree = BUILT_PRODUCTS_DIR; };
		C32DB4CE2390863800DFDCE7 /* MovieStubCell.swift */ = {isa = PBXFileReference; lastKnownFileType = sourcecode.swift; path = MovieStubCell.swift; sourceTree = "<group>"; };
		C334B81B238FC65A00F2E640 /* SegmentedCell.swift */ = {isa = PBXFileReference; lastKnownFileType = sourcecode.swift; path = SegmentedCell.swift; sourceTree = "<group>"; };
		C357025F238C3F8B008FC600 /* Movies.storyboard */ = {isa = PBXFileReference; lastKnownFileType = file.storyboard; path = Movies.storyboard; sourceTree = "<group>"; };
		C3570264238C46EB008FC600 /* Movie.swift */ = {isa = PBXFileReference; lastKnownFileType = sourcecode.swift; path = Movie.swift; sourceTree = "<group>"; };
		C3570268238C49F3008FC600 /* JSONDecoderEncoder.swift */ = {isa = PBXFileReference; lastKnownFileType = sourcecode.swift; path = JSONDecoderEncoder.swift; sourceTree = "<group>"; };
		C357026C238C4F80008FC600 /* UnauthorizedAPI.swift */ = {isa = PBXFileReference; lastKnownFileType = sourcecode.swift; path = UnauthorizedAPI.swift; sourceTree = "<group>"; };
		C3570274238C7320008FC600 /* State.swift */ = {isa = PBXFileReference; lastKnownFileType = sourcecode.swift; path = State.swift; sourceTree = "<group>"; };
		C3570278238C73D1008FC600 /* MoviesState.swift */ = {isa = PBXFileReference; lastKnownFileType = sourcecode.swift; path = MoviesState.swift; sourceTree = "<group>"; };
		C357027D238C7525008FC600 /* MoviesTVC.swift */ = {isa = PBXFileReference; lastKnownFileType = sourcecode.swift; path = MoviesTVC.swift; sourceTree = "<group>"; };
		C35B1CCF237AE3BC00609C96 /* API.swift */ = {isa = PBXFileReference; lastKnownFileType = sourcecode.swift; path = API.swift; sourceTree = "<group>"; };
		C3CE9D55238DC61400220E23 /* MovieCell.swift */ = {isa = PBXFileReference; lastKnownFileType = sourcecode.swift; path = MovieCell.swift; sourceTree = "<group>"; };
		C3DFBAC32378A0C2003259FF /* MoviesDB.app */ = {isa = PBXFileReference; explicitFileType = wrapper.application; includeInIndex = 0; path = MoviesDB.app; sourceTree = BUILT_PRODUCTS_DIR; };
		C3DFBAC62378A0C2003259FF /* AppDelegate.swift */ = {isa = PBXFileReference; lastKnownFileType = sourcecode.swift; path = AppDelegate.swift; sourceTree = "<group>"; };
		C3DFBAC82378A0C2003259FF /* SceneDelegate.swift */ = {isa = PBXFileReference; lastKnownFileType = sourcecode.swift; path = SceneDelegate.swift; sourceTree = "<group>"; };
		C3DFBACD2378A0C2003259FF /* Base */ = {isa = PBXFileReference; lastKnownFileType = file.storyboard; name = Base; path = Base.lproj/Main.storyboard; sourceTree = "<group>"; };
		C3DFBAD02378A0C2003259FF /* MoviesDB.xcdatamodel */ = {isa = PBXFileReference; lastKnownFileType = wrapper.xcdatamodel; path = MoviesDB.xcdatamodel; sourceTree = "<group>"; };
		C3DFBAD22378A0C4003259FF /* Assets.xcassets */ = {isa = PBXFileReference; lastKnownFileType = folder.assetcatalog; path = Assets.xcassets; sourceTree = "<group>"; };
		C3DFBAD52378A0C4003259FF /* Base */ = {isa = PBXFileReference; lastKnownFileType = file.storyboard; name = Base; path = Base.lproj/LaunchScreen.storyboard; sourceTree = "<group>"; };
		C3DFBAD72378A0C4003259FF /* Info.plist */ = {isa = PBXFileReference; lastKnownFileType = text.plist.xml; path = Info.plist; sourceTree = "<group>"; };
		C3DFBADC2378A0C4003259FF /* MoviesDBTests.xctest */ = {isa = PBXFileReference; explicitFileType = wrapper.cfbundle; includeInIndex = 0; path = MoviesDBTests.xctest; sourceTree = BUILT_PRODUCTS_DIR; };
		C3DFBAE02378A0C4003259FF /* MoviesDBTests.swift */ = {isa = PBXFileReference; lastKnownFileType = sourcecode.swift; path = MoviesDBTests.swift; sourceTree = "<group>"; };
		C3DFBAE22378A0C4003259FF /* Info.plist */ = {isa = PBXFileReference; lastKnownFileType = text.plist.xml; path = Info.plist; sourceTree = "<group>"; };
		C3DFBAE72378A0C4003259FF /* MoviesDBUITests.xctest */ = {isa = PBXFileReference; explicitFileType = wrapper.cfbundle; includeInIndex = 0; path = MoviesDBUITests.xctest; sourceTree = BUILT_PRODUCTS_DIR; };
		C3DFBAEB2378A0C4003259FF /* MoviesDBUITests.swift */ = {isa = PBXFileReference; lastKnownFileType = sourcecode.swift; path = MoviesDBUITests.swift; sourceTree = "<group>"; };
		C3DFBAED2378A0C4003259FF /* Info.plist */ = {isa = PBXFileReference; lastKnownFileType = text.plist.xml; path = Info.plist; sourceTree = "<group>"; };
		C3DFBAF92378A553003259FF /* MoviesVC.swift */ = {isa = PBXFileReference; fileEncoding = 4; lastKnownFileType = sourcecode.swift; path = MoviesVC.swift; sourceTree = "<group>"; };
		C3DFBAFA2378A553003259FF /* CounterState.swift */ = {isa = PBXFileReference; fileEncoding = 4; lastKnownFileType = sourcecode.swift; path = CounterState.swift; sourceTree = "<group>"; };
		C3DFBAFB2378A553003259FF /* Store.swift */ = {isa = PBXFileReference; fileEncoding = 4; lastKnownFileType = sourcecode.swift; path = Store.swift; sourceTree = "<group>"; };
		F3A436F0FD41A5A0C466BDA2 /* Pods-MoviesDBTests.release.xcconfig */ = {isa = PBXFileReference; includeInIndex = 1; lastKnownFileType = text.xcconfig; name = "Pods-MoviesDBTests.release.xcconfig"; path = "Target Support Files/Pods-MoviesDBTests/Pods-MoviesDBTests.release.xcconfig"; sourceTree = "<group>"; };
/* End PBXFileReference section */

/* Begin PBXFrameworksBuildPhase section */
		C3DFBAC02378A0C2003259FF /* Frameworks */ = {
			isa = PBXFrameworksBuildPhase;
			buildActionMask = 2147483647;
			files = (
				395F2F3C049F313964F71DEA /* Pods_MoviesDB.framework in Frameworks */,
			);
			runOnlyForDeploymentPostprocessing = 0;
		};
		C3DFBAD92378A0C4003259FF /* Frameworks */ = {
			isa = PBXFrameworksBuildPhase;
			buildActionMask = 2147483647;
			files = (
				03A02CC969F16CACE0E19F2C /* Pods_MoviesDBTests.framework in Frameworks */,
			);
			runOnlyForDeploymentPostprocessing = 0;
		};
		C3DFBAE42378A0C4003259FF /* Frameworks */ = {
			isa = PBXFrameworksBuildPhase;
			buildActionMask = 2147483647;
			files = (
				F8ABCC29DE07F8771CCF5055 /* Pods_MoviesDBUITests.framework in Frameworks */,
			);
			runOnlyForDeploymentPostprocessing = 0;
		};
/* End PBXFrameworksBuildPhase section */

/* Begin PBXGroup section */
		C3570263238C4327008FC600 /* State */ = {
			isa = PBXGroup;
			children = (
				C3DFBAFB2378A553003259FF /* Store.swift */,
				C3570274238C7320008FC600 /* State.swift */,
				C3570278238C73D1008FC600 /* MoviesState.swift */,
				C3DFBAFA2378A553003259FF /* CounterState.swift */,
			);
			path = State;
			sourceTree = "<group>";
		};
		C3570273238C723F008FC600 /* UI */ = {
			isa = PBXGroup;
			children = (
				C357027C238C74F8008FC600 /* Movies */,
			);
			path = UI;
			sourceTree = "<group>";
		};
		C357027C238C74F8008FC600 /* Movies */ = {
			isa = PBXGroup;
			children = (
				C3DFBAF92378A553003259FF /* MoviesVC.swift */,
				C357027D238C7525008FC600 /* MoviesTVC.swift */,
				C3CE9D55238DC61400220E23 /* MovieCell.swift */,
				C32DB4CE2390863800DFDCE7 /* MovieStubCell.swift */,
				C334B81B238FC65A00F2E640 /* SegmentedCell.swift */,
			);
			path = Movies;
			sourceTree = "<group>";
		};
		C35B1CCC237AE38700609C96 /* Network */ = {
			isa = PBXGroup;
			children = (
				C35B1CCF237AE3BC00609C96 /* API.swift */,
				C357026C238C4F80008FC600 /* UnauthorizedAPI.swift */,
				C3570268238C49F3008FC600 /* JSONDecoderEncoder.swift */,
				C35B1CCE237AE3A000609C96 /* API Models */,
			);
			path = Network;
			sourceTree = "<group>";
		};
		C35B1CCE237AE3A000609C96 /* API Models */ = {
			isa = PBXGroup;
			children = (
				C3570264238C46EB008FC600 /* Movie.swift */,
			);
			path = "API Models";
			sourceTree = "<group>";
		};
		C3DFBABA2378A0C2003259FF = {
			isa = PBXGroup;
			children = (
				C3DFBAC52378A0C2003259FF /* MoviesDB */,
				C3DFBADF2378A0C4003259FF /* MoviesDBTests */,
				C3DFBAEA2378A0C4003259FF /* MoviesDBUITests */,
				C3DFBAC42378A0C2003259FF /* Products */,
				C92D6CA919CA1C84B33143C1 /* Pods */,
				E574CC4A5B6D332131972331 /* Frameworks */,
			);
			sourceTree = "<group>";
		};
		C3DFBAC42378A0C2003259FF /* Products */ = {
			isa = PBXGroup;
			children = (
				C3DFBAC32378A0C2003259FF /* MoviesDB.app */,
				C3DFBADC2378A0C4003259FF /* MoviesDBTests.xctest */,
				C3DFBAE72378A0C4003259FF /* MoviesDBUITests.xctest */,
			);
			name = Products;
			sourceTree = "<group>";
		};
		C3DFBAC52378A0C2003259FF /* MoviesDB */ = {
			isa = PBXGroup;
			children = (
				C3570263238C4327008FC600 /* State */,
				C35B1CCC237AE38700609C96 /* Network */,
				C3570273238C723F008FC600 /* UI */,
				C3DFBAC62378A0C2003259FF /* AppDelegate.swift */,
				C3DFBAC82378A0C2003259FF /* SceneDelegate.swift */,
				C3DFBACC2378A0C2003259FF /* Main.storyboard */,
				C357025F238C3F8B008FC600 /* Movies.storyboard */,
				C3DFBAD22378A0C4003259FF /* Assets.xcassets */,
				C3DFBAD42378A0C4003259FF /* LaunchScreen.storyboard */,
				C3DFBAD72378A0C4003259FF /* Info.plist */,
				C3DFBACF2378A0C2003259FF /* MoviesDB.xcdatamodeld */,
			);
			path = MoviesDB;
			sourceTree = "<group>";
		};
		C3DFBADF2378A0C4003259FF /* MoviesDBTests */ = {
			isa = PBXGroup;
			children = (
				C3DFBAE02378A0C4003259FF /* MoviesDBTests.swift */,
				C3DFBAE22378A0C4003259FF /* Info.plist */,
			);
			path = MoviesDBTests;
			sourceTree = "<group>";
		};
		C3DFBAEA2378A0C4003259FF /* MoviesDBUITests */ = {
			isa = PBXGroup;
			children = (
				C3DFBAEB2378A0C4003259FF /* MoviesDBUITests.swift */,
				C3DFBAED2378A0C4003259FF /* Info.plist */,
			);
			path = MoviesDBUITests;
			sourceTree = "<group>";
		};
		C92D6CA919CA1C84B33143C1 /* Pods */ = {
			isa = PBXGroup;
			children = (
				793EA4C7B4A52D0E89A3755E /* Pods-MoviesDB.debug.xcconfig */,
				9600FDF24FD32F2FC8F58F22 /* Pods-MoviesDB.release.xcconfig */,
				071F8EB920C4D09F4597E84E /* Pods-MoviesDBTests.debug.xcconfig */,
				F3A436F0FD41A5A0C466BDA2 /* Pods-MoviesDBTests.release.xcconfig */,
				191EE2BDB908609E68F67E01 /* Pods-MoviesDBUITests.debug.xcconfig */,
				4FCFEFEFE2199DD1E1910833 /* Pods-MoviesDBUITests.release.xcconfig */,
			);
			path = Pods;
			sourceTree = "<group>";
		};
		E574CC4A5B6D332131972331 /* Frameworks */ = {
			isa = PBXGroup;
			children = (
				6B16263CD25983931C8EDF53 /* Pods_MoviesDB.framework */,
				4D41A307116E8F289ADEA846 /* Pods_MoviesDBTests.framework */,
				A7452F1FB4565CB811AB63EF /* Pods_MoviesDBUITests.framework */,
			);
			name = Frameworks;
			sourceTree = "<group>";
		};
/* End PBXGroup section */

/* Begin PBXNativeTarget section */
		C3DFBAC22378A0C2003259FF /* MoviesDB */ = {
			isa = PBXNativeTarget;
			buildConfigurationList = C3DFBAF02378A0C4003259FF /* Build configuration list for PBXNativeTarget "MoviesDB" */;
			buildPhases = (
				296210D55E421C4D733391A6 /* [CP] Check Pods Manifest.lock */,
				C3DFBABF2378A0C2003259FF /* Sources */,
				C3DFBAC02378A0C2003259FF /* Frameworks */,
				C3DFBAC12378A0C2003259FF /* Resources */,
				CF8655648A1517DE1E3800C4 /* [CP] Embed Pods Frameworks */,
			);
			buildRules = (
			);
			dependencies = (
			);
			name = MoviesDB;
			productName = MoviesDB;
			productReference = C3DFBAC32378A0C2003259FF /* MoviesDB.app */;
			productType = "com.apple.product-type.application";
		};
		C3DFBADB2378A0C4003259FF /* MoviesDBTests */ = {
			isa = PBXNativeTarget;
			buildConfigurationList = C3DFBAF32378A0C4003259FF /* Build configuration list for PBXNativeTarget "MoviesDBTests" */;
			buildPhases = (
				A7CA4FC9524FDF4E3018AB13 /* [CP] Check Pods Manifest.lock */,
				C3DFBAD82378A0C4003259FF /* Sources */,
				C3DFBAD92378A0C4003259FF /* Frameworks */,
				C3DFBADA2378A0C4003259FF /* Resources */,
				1485EFCBCA25DED52DF0F427 /* [CP] Embed Pods Frameworks */,
			);
			buildRules = (
			);
			dependencies = (
				C3DFBADE2378A0C4003259FF /* PBXTargetDependency */,
			);
			name = MoviesDBTests;
			productName = MoviesDBTests;
			productReference = C3DFBADC2378A0C4003259FF /* MoviesDBTests.xctest */;
			productType = "com.apple.product-type.bundle.unit-test";
		};
		C3DFBAE62378A0C4003259FF /* MoviesDBUITests */ = {
			isa = PBXNativeTarget;
			buildConfigurationList = C3DFBAF62378A0C4003259FF /* Build configuration list for PBXNativeTarget "MoviesDBUITests" */;
			buildPhases = (
				D728EF15BADC3C9722345192 /* [CP] Check Pods Manifest.lock */,
				C3DFBAE32378A0C4003259FF /* Sources */,
				C3DFBAE42378A0C4003259FF /* Frameworks */,
				C3DFBAE52378A0C4003259FF /* Resources */,
				1098E9A046A1D2B93890ADBC /* [CP] Embed Pods Frameworks */,
			);
			buildRules = (
			);
			dependencies = (
				C3DFBAE92378A0C4003259FF /* PBXTargetDependency */,
			);
			name = MoviesDBUITests;
			productName = MoviesDBUITests;
			productReference = C3DFBAE72378A0C4003259FF /* MoviesDBUITests.xctest */;
			productType = "com.apple.product-type.bundle.ui-testing";
		};
/* End PBXNativeTarget section */

/* Begin PBXProject section */
		C3DFBABB2378A0C2003259FF /* Project object */ = {
			isa = PBXProject;
			attributes = {
				LastSwiftUpdateCheck = 1110;
				LastUpgradeCheck = 1110;
				ORGANIZATIONNAME = "Dmitry Kocherovets";
				TargetAttributes = {
					C3DFBAC22378A0C2003259FF = {
						CreatedOnToolsVersion = 11.1;
					};
					C3DFBADB2378A0C4003259FF = {
						CreatedOnToolsVersion = 11.1;
						TestTargetID = C3DFBAC22378A0C2003259FF;
					};
					C3DFBAE62378A0C4003259FF = {
						CreatedOnToolsVersion = 11.1;
						TestTargetID = C3DFBAC22378A0C2003259FF;
					};
				};
			};
			buildConfigurationList = C3DFBABE2378A0C2003259FF /* Build configuration list for PBXProject "MoviesDB" */;
			compatibilityVersion = "Xcode 9.3";
			developmentRegion = en;
			hasScannedForEncodings = 0;
			knownRegions = (
				en,
				Base,
			);
			mainGroup = C3DFBABA2378A0C2003259FF;
			productRefGroup = C3DFBAC42378A0C2003259FF /* Products */;
			projectDirPath = "";
			projectRoot = "";
			targets = (
				C3DFBAC22378A0C2003259FF /* MoviesDB */,
				C3DFBADB2378A0C4003259FF /* MoviesDBTests */,
				C3DFBAE62378A0C4003259FF /* MoviesDBUITests */,
			);
		};
/* End PBXProject section */

/* Begin PBXResourcesBuildPhase section */
		C3DFBAC12378A0C2003259FF /* Resources */ = {
			isa = PBXResourcesBuildPhase;
			buildActionMask = 2147483647;
			files = (
				C3DFBAD62378A0C4003259FF /* LaunchScreen.storyboard in Resources */,
				C3DFBAD32378A0C4003259FF /* Assets.xcassets in Resources */,
				C3570260238C3F8B008FC600 /* Movies.storyboard in Resources */,
				C3DFBACE2378A0C2003259FF /* Main.storyboard in Resources */,
			);
			runOnlyForDeploymentPostprocessing = 0;
		};
		C3DFBADA2378A0C4003259FF /* Resources */ = {
			isa = PBXResourcesBuildPhase;
			buildActionMask = 2147483647;
			files = (
				C3570261238C3F8B008FC600 /* Movies.storyboard in Resources */,
			);
			runOnlyForDeploymentPostprocessing = 0;
		};
		C3DFBAE52378A0C4003259FF /* Resources */ = {
			isa = PBXResourcesBuildPhase;
			buildActionMask = 2147483647;
			files = (
				C3570262238C3F8B008FC600 /* Movies.storyboard in Resources */,
			);
			runOnlyForDeploymentPostprocessing = 0;
		};
/* End PBXResourcesBuildPhase section */

/* Begin PBXShellScriptBuildPhase section */
		1098E9A046A1D2B93890ADBC /* [CP] Embed Pods Frameworks */ = {
			isa = PBXShellScriptBuildPhase;
			buildActionMask = 2147483647;
			files = (
			);
			inputFileListPaths = (
				"${PODS_ROOT}/Target Support Files/Pods-MoviesDBUITests/Pods-MoviesDBUITests-frameworks-${CONFIGURATION}-input-files.xcfilelist",
			);
			name = "[CP] Embed Pods Frameworks";
			outputFileListPaths = (
				"${PODS_ROOT}/Target Support Files/Pods-MoviesDBUITests/Pods-MoviesDBUITests-frameworks-${CONFIGURATION}-output-files.xcfilelist",
			);
			runOnlyForDeploymentPostprocessing = 0;
			shellPath = /bin/sh;
			shellScript = "\"${PODS_ROOT}/Target Support Files/Pods-MoviesDBUITests/Pods-MoviesDBUITests-frameworks.sh\"\n";
			showEnvVarsInLog = 0;
		};
		1485EFCBCA25DED52DF0F427 /* [CP] Embed Pods Frameworks */ = {
			isa = PBXShellScriptBuildPhase;
			buildActionMask = 2147483647;
			files = (
			);
			inputFileListPaths = (
				"${PODS_ROOT}/Target Support Files/Pods-MoviesDBTests/Pods-MoviesDBTests-frameworks-${CONFIGURATION}-input-files.xcfilelist",
			);
			name = "[CP] Embed Pods Frameworks";
			outputFileListPaths = (
				"${PODS_ROOT}/Target Support Files/Pods-MoviesDBTests/Pods-MoviesDBTests-frameworks-${CONFIGURATION}-output-files.xcfilelist",
			);
			runOnlyForDeploymentPostprocessing = 0;
			shellPath = /bin/sh;
			shellScript = "\"${PODS_ROOT}/Target Support Files/Pods-MoviesDBTests/Pods-MoviesDBTests-frameworks.sh\"\n";
			showEnvVarsInLog = 0;
		};
		296210D55E421C4D733391A6 /* [CP] Check Pods Manifest.lock */ = {
			isa = PBXShellScriptBuildPhase;
			buildActionMask = 2147483647;
			files = (
			);
			inputFileListPaths = (
			);
			inputPaths = (
				"${PODS_PODFILE_DIR_PATH}/Podfile.lock",
				"${PODS_ROOT}/Manifest.lock",
			);
			name = "[CP] Check Pods Manifest.lock";
			outputFileListPaths = (
			);
			outputPaths = (
				"$(DERIVED_FILE_DIR)/Pods-MoviesDB-checkManifestLockResult.txt",
			);
			runOnlyForDeploymentPostprocessing = 0;
			shellPath = /bin/sh;
			shellScript = "diff \"${PODS_PODFILE_DIR_PATH}/Podfile.lock\" \"${PODS_ROOT}/Manifest.lock\" > /dev/null\nif [ $? != 0 ] ; then\n    # print error to STDERR\n    echo \"error: The sandbox is not in sync with the Podfile.lock. Run 'pod install' or update your CocoaPods installation.\" >&2\n    exit 1\nfi\n# This output is used by Xcode 'outputs' to avoid re-running this script phase.\necho \"SUCCESS\" > \"${SCRIPT_OUTPUT_FILE_0}\"\n";
			showEnvVarsInLog = 0;
		};
		A7CA4FC9524FDF4E3018AB13 /* [CP] Check Pods Manifest.lock */ = {
			isa = PBXShellScriptBuildPhase;
			buildActionMask = 2147483647;
			files = (
			);
			inputFileListPaths = (
			);
			inputPaths = (
				"${PODS_PODFILE_DIR_PATH}/Podfile.lock",
				"${PODS_ROOT}/Manifest.lock",
			);
			name = "[CP] Check Pods Manifest.lock";
			outputFileListPaths = (
			);
			outputPaths = (
				"$(DERIVED_FILE_DIR)/Pods-MoviesDBTests-checkManifestLockResult.txt",
			);
			runOnlyForDeploymentPostprocessing = 0;
			shellPath = /bin/sh;
			shellScript = "diff \"${PODS_PODFILE_DIR_PATH}/Podfile.lock\" \"${PODS_ROOT}/Manifest.lock\" > /dev/null\nif [ $? != 0 ] ; then\n    # print error to STDERR\n    echo \"error: The sandbox is not in sync with the Podfile.lock. Run 'pod install' or update your CocoaPods installation.\" >&2\n    exit 1\nfi\n# This output is used by Xcode 'outputs' to avoid re-running this script phase.\necho \"SUCCESS\" > \"${SCRIPT_OUTPUT_FILE_0}\"\n";
			showEnvVarsInLog = 0;
		};
		CF8655648A1517DE1E3800C4 /* [CP] Embed Pods Frameworks */ = {
			isa = PBXShellScriptBuildPhase;
			buildActionMask = 2147483647;
			files = (
			);
			inputFileListPaths = (
				"${PODS_ROOT}/Target Support Files/Pods-MoviesDB/Pods-MoviesDB-frameworks-${CONFIGURATION}-input-files.xcfilelist",
			);
			name = "[CP] Embed Pods Frameworks";
			outputFileListPaths = (
				"${PODS_ROOT}/Target Support Files/Pods-MoviesDB/Pods-MoviesDB-frameworks-${CONFIGURATION}-output-files.xcfilelist",
			);
			runOnlyForDeploymentPostprocessing = 0;
			shellPath = /bin/sh;
			shellScript = "\"${PODS_ROOT}/Target Support Files/Pods-MoviesDB/Pods-MoviesDB-frameworks.sh\"\n";
			showEnvVarsInLog = 0;
		};
		D728EF15BADC3C9722345192 /* [CP] Check Pods Manifest.lock */ = {
			isa = PBXShellScriptBuildPhase;
			buildActionMask = 2147483647;
			files = (
			);
			inputFileListPaths = (
			);
			inputPaths = (
				"${PODS_PODFILE_DIR_PATH}/Podfile.lock",
				"${PODS_ROOT}/Manifest.lock",
			);
			name = "[CP] Check Pods Manifest.lock";
			outputFileListPaths = (
			);
			outputPaths = (
				"$(DERIVED_FILE_DIR)/Pods-MoviesDBUITests-checkManifestLockResult.txt",
			);
			runOnlyForDeploymentPostprocessing = 0;
			shellPath = /bin/sh;
			shellScript = "diff \"${PODS_PODFILE_DIR_PATH}/Podfile.lock\" \"${PODS_ROOT}/Manifest.lock\" > /dev/null\nif [ $? != 0 ] ; then\n    # print error to STDERR\n    echo \"error: The sandbox is not in sync with the Podfile.lock. Run 'pod install' or update your CocoaPods installation.\" >&2\n    exit 1\nfi\n# This output is used by Xcode 'outputs' to avoid re-running this script phase.\necho \"SUCCESS\" > \"${SCRIPT_OUTPUT_FILE_0}\"\n";
			showEnvVarsInLog = 0;
		};
/* End PBXShellScriptBuildPhase section */

/* Begin PBXSourcesBuildPhase section */
		C3DFBABF2378A0C2003259FF /* Sources */ = {
			isa = PBXSourcesBuildPhase;
			buildActionMask = 2147483647;
			files = (
				C3CE9D56238DC61400220E23 /* MovieCell.swift in Sources */,
				C3570279238C73D1008FC600 /* MoviesState.swift in Sources */,
				C32DB4CF2390864600DFDCE7 /* MovieStubCell.swift in Sources */,
				C3570265238C46EB008FC600 /* Movie.swift in Sources */,
				C3DFBAFF2378A553003259FF /* CounterState.swift in Sources */,
				C357026D238C4F80008FC600 /* UnauthorizedAPI.swift in Sources */,
				C3570275238C7320008FC600 /* State.swift in Sources */,
				C3DFBB022378A553003259FF /* Store.swift in Sources */,
				C3570270238C4FE1008FC600 /* API.swift in Sources */,
				C3570269238C49F3008FC600 /* JSONDecoderEncoder.swift in Sources */,
				C334B81C238FC68000F2E640 /* SegmentedCell.swift in Sources */,
				C3DFBAFC2378A553003259FF /* MoviesVC.swift in Sources */,
				C357027E238C7525008FC600 /* MoviesTVC.swift in Sources */,
				C3DFBAC72378A0C2003259FF /* AppDelegate.swift in Sources */,
				C3DFBAD12378A0C2003259FF /* MoviesDB.xcdatamodeld in Sources */,
				C3DFBAC92378A0C2003259FF /* SceneDelegate.swift in Sources */,
			);
			runOnlyForDeploymentPostprocessing = 0;
		};
		C3DFBAD82378A0C4003259FF /* Sources */ = {
			isa = PBXSourcesBuildPhase;
			buildActionMask = 2147483647;
			files = (
				C3DFBB002378A553003259FF /* CounterState.swift in Sources */,
				C357027F238C7525008FC600 /* MoviesTVC.swift in Sources */,
				C3CE9D57238DC61400220E23 /* MovieCell.swift in Sources */,
				C3DFBAFD2378A553003259FF /* MoviesVC.swift in Sources */,
				C334B81D238FC68100F2E640 /* SegmentedCell.swift in Sources */,
				C357027A238C73D1008FC600 /* MoviesState.swift in Sources */,
				C3DFBAE12378A0C4003259FF /* MoviesDBTests.swift in Sources */,
				C357026A238C49F3008FC600 /* JSONDecoderEncoder.swift in Sources */,
				C357026E238C4F80008FC600 /* UnauthorizedAPI.swift in Sources */,
				C3570276238C7320008FC600 /* State.swift in Sources */,
				C3DFBB032378A553003259FF /* Store.swift in Sources */,
				C3570271238C4FE1008FC600 /* API.swift in Sources */,
				C3570266238C46EB008FC600 /* Movie.swift in Sources */,
				C32DB4D02390864600DFDCE7 /* MovieStubCell.swift in Sources */,
			);
			runOnlyForDeploymentPostprocessing = 0;
		};
		C3DFBAE32378A0C4003259FF /* Sources */ = {
			isa = PBXSourcesBuildPhase;
			buildActionMask = 2147483647;
			files = (
				C3DFBB012378A553003259FF /* CounterState.swift in Sources */,
				C3570280238C7525008FC600 /* MoviesTVC.swift in Sources */,
				C3CE9D58238DC61400220E23 /* MovieCell.swift in Sources */,
				C3DFBAFE2378A553003259FF /* MoviesVC.swift in Sources */,
				C334B81E238FC68100F2E640 /* SegmentedCell.swift in Sources */,
				C357027B238C73D1008FC600 /* MoviesState.swift in Sources */,
				C3DFBAEC2378A0C4003259FF /* MoviesDBUITests.swift in Sources */,
				C357026B238C49F3008FC600 /* JSONDecoderEncoder.swift in Sources */,
				C357026F238C4F80008FC600 /* UnauthorizedAPI.swift in Sources */,
				C3570277238C7320008FC600 /* State.swift in Sources */,
				C3DFBB042378A553003259FF /* Store.swift in Sources */,
				C3570272238C4FE1008FC600 /* API.swift in Sources */,
				C3570267238C46EB008FC600 /* Movie.swift in Sources */,
				C32DB4D12390864700DFDCE7 /* MovieStubCell.swift in Sources */,
			);
			runOnlyForDeploymentPostprocessing = 0;
		};
/* End PBXSourcesBuildPhase section */

/* Begin PBXTargetDependency section */
		C3DFBADE2378A0C4003259FF /* PBXTargetDependency */ = {
			isa = PBXTargetDependency;
			target = C3DFBAC22378A0C2003259FF /* MoviesDB */;
			targetProxy = C3DFBADD2378A0C4003259FF /* PBXContainerItemProxy */;
		};
		C3DFBAE92378A0C4003259FF /* PBXTargetDependency */ = {
			isa = PBXTargetDependency;
			target = C3DFBAC22378A0C2003259FF /* MoviesDB */;
			targetProxy = C3DFBAE82378A0C4003259FF /* PBXContainerItemProxy */;
		};
/* End PBXTargetDependency section */

/* Begin PBXVariantGroup section */
		C3DFBACC2378A0C2003259FF /* Main.storyboard */ = {
			isa = PBXVariantGroup;
			children = (
				C3DFBACD2378A0C2003259FF /* Base */,
			);
			name = Main.storyboard;
			sourceTree = "<group>";
		};
		C3DFBAD42378A0C4003259FF /* LaunchScreen.storyboard */ = {
			isa = PBXVariantGroup;
			children = (
				C3DFBAD52378A0C4003259FF /* Base */,
			);
			name = LaunchScreen.storyboard;
			sourceTree = "<group>";
		};
/* End PBXVariantGroup section */

/* Begin XCBuildConfiguration section */
		C3DFBAEE2378A0C4003259FF /* Debug */ = {
			isa = XCBuildConfiguration;
			buildSettings = {
				ALWAYS_SEARCH_USER_PATHS = NO;
				CLANG_ANALYZER_NONNULL = YES;
				CLANG_ANALYZER_NUMBER_OBJECT_CONVERSION = YES_AGGRESSIVE;
				CLANG_CXX_LANGUAGE_STANDARD = "gnu++14";
				CLANG_CXX_LIBRARY = "libc++";
				CLANG_ENABLE_MODULES = YES;
				CLANG_ENABLE_OBJC_ARC = YES;
				CLANG_ENABLE_OBJC_WEAK = YES;
				CLANG_WARN_BLOCK_CAPTURE_AUTORELEASING = YES;
				CLANG_WARN_BOOL_CONVERSION = YES;
				CLANG_WARN_COMMA = YES;
				CLANG_WARN_CONSTANT_CONVERSION = YES;
				CLANG_WARN_DEPRECATED_OBJC_IMPLEMENTATIONS = YES;
				CLANG_WARN_DIRECT_OBJC_ISA_USAGE = YES_ERROR;
				CLANG_WARN_DOCUMENTATION_COMMENTS = YES;
				CLANG_WARN_EMPTY_BODY = YES;
				CLANG_WARN_ENUM_CONVERSION = YES;
				CLANG_WARN_INFINITE_RECURSION = YES;
				CLANG_WARN_INT_CONVERSION = YES;
				CLANG_WARN_NON_LITERAL_NULL_CONVERSION = YES;
				CLANG_WARN_OBJC_IMPLICIT_RETAIN_SELF = YES;
				CLANG_WARN_OBJC_LITERAL_CONVERSION = YES;
				CLANG_WARN_OBJC_ROOT_CLASS = YES_ERROR;
				CLANG_WARN_RANGE_LOOP_ANALYSIS = YES;
				CLANG_WARN_STRICT_PROTOTYPES = YES;
				CLANG_WARN_SUSPICIOUS_MOVE = YES;
				CLANG_WARN_UNGUARDED_AVAILABILITY = YES_AGGRESSIVE;
				CLANG_WARN_UNREACHABLE_CODE = YES;
				CLANG_WARN__DUPLICATE_METHOD_MATCH = YES;
				COPY_PHASE_STRIP = NO;
				DEBUG_INFORMATION_FORMAT = dwarf;
				ENABLE_STRICT_OBJC_MSGSEND = YES;
				ENABLE_TESTABILITY = YES;
				GCC_C_LANGUAGE_STANDARD = gnu11;
				GCC_DYNAMIC_NO_PIC = NO;
				GCC_NO_COMMON_BLOCKS = YES;
				GCC_OPTIMIZATION_LEVEL = 0;
				GCC_PREPROCESSOR_DEFINITIONS = (
					"DEBUG=1",
					"$(inherited)",
				);
				GCC_WARN_64_TO_32_BIT_CONVERSION = YES;
				GCC_WARN_ABOUT_RETURN_TYPE = YES_ERROR;
				GCC_WARN_UNDECLARED_SELECTOR = YES;
				GCC_WARN_UNINITIALIZED_AUTOS = YES_AGGRESSIVE;
				GCC_WARN_UNUSED_FUNCTION = YES;
				GCC_WARN_UNUSED_VARIABLE = YES;
				IPHONEOS_DEPLOYMENT_TARGET = 13.1;
				MTL_ENABLE_DEBUG_INFO = INCLUDE_SOURCE;
				MTL_FAST_MATH = YES;
				ONLY_ACTIVE_ARCH = YES;
				SDKROOT = iphoneos;
				SWIFT_ACTIVE_COMPILATION_CONDITIONS = DEBUG;
				SWIFT_OPTIMIZATION_LEVEL = "-Onone";
			};
			name = Debug;
		};
		C3DFBAEF2378A0C4003259FF /* Release */ = {
			isa = XCBuildConfiguration;
			buildSettings = {
				ALWAYS_SEARCH_USER_PATHS = NO;
				CLANG_ANALYZER_NONNULL = YES;
				CLANG_ANALYZER_NUMBER_OBJECT_CONVERSION = YES_AGGRESSIVE;
				CLANG_CXX_LANGUAGE_STANDARD = "gnu++14";
				CLANG_CXX_LIBRARY = "libc++";
				CLANG_ENABLE_MODULES = YES;
				CLANG_ENABLE_OBJC_ARC = YES;
				CLANG_ENABLE_OBJC_WEAK = YES;
				CLANG_WARN_BLOCK_CAPTURE_AUTORELEASING = YES;
				CLANG_WARN_BOOL_CONVERSION = YES;
				CLANG_WARN_COMMA = YES;
				CLANG_WARN_CONSTANT_CONVERSION = YES;
				CLANG_WARN_DEPRECATED_OBJC_IMPLEMENTATIONS = YES;
				CLANG_WARN_DIRECT_OBJC_ISA_USAGE = YES_ERROR;
				CLANG_WARN_DOCUMENTATION_COMMENTS = YES;
				CLANG_WARN_EMPTY_BODY = YES;
				CLANG_WARN_ENUM_CONVERSION = YES;
				CLANG_WARN_INFINITE_RECURSION = YES;
				CLANG_WARN_INT_CONVERSION = YES;
				CLANG_WARN_NON_LITERAL_NULL_CONVERSION = YES;
				CLANG_WARN_OBJC_IMPLICIT_RETAIN_SELF = YES;
				CLANG_WARN_OBJC_LITERAL_CONVERSION = YES;
				CLANG_WARN_OBJC_ROOT_CLASS = YES_ERROR;
				CLANG_WARN_RANGE_LOOP_ANALYSIS = YES;
				CLANG_WARN_STRICT_PROTOTYPES = YES;
				CLANG_WARN_SUSPICIOUS_MOVE = YES;
				CLANG_WARN_UNGUARDED_AVAILABILITY = YES_AGGRESSIVE;
				CLANG_WARN_UNREACHABLE_CODE = YES;
				CLANG_WARN__DUPLICATE_METHOD_MATCH = YES;
				COPY_PHASE_STRIP = NO;
				DEBUG_INFORMATION_FORMAT = "dwarf-with-dsym";
				ENABLE_NS_ASSERTIONS = NO;
				ENABLE_STRICT_OBJC_MSGSEND = YES;
				GCC_C_LANGUAGE_STANDARD = gnu11;
				GCC_NO_COMMON_BLOCKS = YES;
				GCC_WARN_64_TO_32_BIT_CONVERSION = YES;
				GCC_WARN_ABOUT_RETURN_TYPE = YES_ERROR;
				GCC_WARN_UNDECLARED_SELECTOR = YES;
				GCC_WARN_UNINITIALIZED_AUTOS = YES_AGGRESSIVE;
				GCC_WARN_UNUSED_FUNCTION = YES;
				GCC_WARN_UNUSED_VARIABLE = YES;
				IPHONEOS_DEPLOYMENT_TARGET = 13.1;
				MTL_ENABLE_DEBUG_INFO = NO;
				MTL_FAST_MATH = YES;
				SDKROOT = iphoneos;
				SWIFT_COMPILATION_MODE = wholemodule;
				SWIFT_OPTIMIZATION_LEVEL = "-O";
				VALIDATE_PRODUCT = YES;
			};
			name = Release;
		};
		C3DFBAF12378A0C4003259FF /* Debug */ = {
			isa = XCBuildConfiguration;
			baseConfigurationReference = 793EA4C7B4A52D0E89A3755E /* Pods-MoviesDB.debug.xcconfig */;
			buildSettings = {
				ASSETCATALOG_COMPILER_APPICON_NAME = AppIcon;
				CODE_SIGN_STYLE = Automatic;
				DEVELOPMENT_TEAM = 42K94E5YQD;
				INFOPLIST_FILE = MoviesDB/Info.plist;
				LD_RUNPATH_SEARCH_PATHS = (
					"$(inherited)",
					"@executable_path/Frameworks",
				);
				PRODUCT_BUNDLE_IDENTIFIER = com.kocherovets.MoviesDB;
				PRODUCT_NAME = "$(TARGET_NAME)";
				SWIFT_VERSION = 5.0;
				TARGETED_DEVICE_FAMILY = "1,2";
			};
			name = Debug;
		};
		C3DFBAF22378A0C4003259FF /* Release */ = {
			isa = XCBuildConfiguration;
			baseConfigurationReference = 9600FDF24FD32F2FC8F58F22 /* Pods-MoviesDB.release.xcconfig */;
			buildSettings = {
				ASSETCATALOG_COMPILER_APPICON_NAME = AppIcon;
				CODE_SIGN_STYLE = Automatic;
				DEVELOPMENT_TEAM = 42K94E5YQD;
				INFOPLIST_FILE = MoviesDB/Info.plist;
				LD_RUNPATH_SEARCH_PATHS = (
					"$(inherited)",
					"@executable_path/Frameworks",
				);
				PRODUCT_BUNDLE_IDENTIFIER = com.kocherovets.MoviesDB;
				PRODUCT_NAME = "$(TARGET_NAME)";
				SWIFT_VERSION = 5.0;
				TARGETED_DEVICE_FAMILY = "1,2";
			};
			name = Release;
		};
		C3DFBAF42378A0C4003259FF /* Debug */ = {
			isa = XCBuildConfiguration;
			baseConfigurationReference = 071F8EB920C4D09F4597E84E /* Pods-MoviesDBTests.debug.xcconfig */;
			buildSettings = {
				ALWAYS_EMBED_SWIFT_STANDARD_LIBRARIES = "$(inherited)";
				BUNDLE_LOADER = "$(TEST_HOST)";
				CODE_SIGN_STYLE = Automatic;
				DEVELOPMENT_TEAM = 42K94E5YQD;
				INFOPLIST_FILE = MoviesDBTests/Info.plist;
				IPHONEOS_DEPLOYMENT_TARGET = 13.1;
				LD_RUNPATH_SEARCH_PATHS = (
					"$(inherited)",
					"@executable_path/Frameworks",
					"@loader_path/Frameworks",
				);
				PRODUCT_BUNDLE_IDENTIFIER = com.kocherovets.MoviesDBTests;
				PRODUCT_NAME = "$(TARGET_NAME)";
				SWIFT_VERSION = 5.0;
				TARGETED_DEVICE_FAMILY = "1,2";
				TEST_HOST = "$(BUILT_PRODUCTS_DIR)/MoviesDB.app/MoviesDB";
			};
			name = Debug;
		};
		C3DFBAF52378A0C4003259FF /* Release */ = {
			isa = XCBuildConfiguration;
			baseConfigurationReference = F3A436F0FD41A5A0C466BDA2 /* Pods-MoviesDBTests.release.xcconfig */;
			buildSettings = {
				ALWAYS_EMBED_SWIFT_STANDARD_LIBRARIES = "$(inherited)";
				BUNDLE_LOADER = "$(TEST_HOST)";
				CODE_SIGN_STYLE = Automatic;
				DEVELOPMENT_TEAM = 42K94E5YQD;
				INFOPLIST_FILE = MoviesDBTests/Info.plist;
				IPHONEOS_DEPLOYMENT_TARGET = 13.1;
				LD_RUNPATH_SEARCH_PATHS = (
					"$(inherited)",
					"@executable_path/Frameworks",
					"@loader_path/Frameworks",
				);
				PRODUCT_BUNDLE_IDENTIFIER = com.kocherovets.MoviesDBTests;
				PRODUCT_NAME = "$(TARGET_NAME)";
				SWIFT_VERSION = 5.0;
				TARGETED_DEVICE_FAMILY = "1,2";
				TEST_HOST = "$(BUILT_PRODUCTS_DIR)/MoviesDB.app/MoviesDB";
			};
			name = Release;
		};
		C3DFBAF72378A0C4003259FF /* Debug */ = {
			isa = XCBuildConfiguration;
			baseConfigurationReference = 191EE2BDB908609E68F67E01 /* Pods-MoviesDBUITests.debug.xcconfig */;
			buildSettings = {
				ALWAYS_EMBED_SWIFT_STANDARD_LIBRARIES = "$(inherited)";
				CODE_SIGN_STYLE = Automatic;
				DEVELOPMENT_TEAM = 42K94E5YQD;
				INFOPLIST_FILE = MoviesDBUITests/Info.plist;
				LD_RUNPATH_SEARCH_PATHS = (
					"$(inherited)",
					"@executable_path/Frameworks",
					"@loader_path/Frameworks",
				);
				PRODUCT_BUNDLE_IDENTIFIER = com.kocherovets.MoviesDBUITests;
				PRODUCT_NAME = "$(TARGET_NAME)";
				SWIFT_VERSION = 5.0;
				TARGETED_DEVICE_FAMILY = "1,2";
				TEST_TARGET_NAME = MoviesDB;
			};
			name = Debug;
		};
		C3DFBAF82378A0C4003259FF /* Release */ = {
			isa = XCBuildConfiguration;
			baseConfigurationReference = 4FCFEFEFE2199DD1E1910833 /* Pods-MoviesDBUITests.release.xcconfig */;
			buildSettings = {
				ALWAYS_EMBED_SWIFT_STANDARD_LIBRARIES = "$(inherited)";
				CODE_SIGN_STYLE = Automatic;
				DEVELOPMENT_TEAM = 42K94E5YQD;
				INFOPLIST_FILE = MoviesDBUITests/Info.plist;
				LD_RUNPATH_SEARCH_PATHS = (
					"$(inherited)",
					"@executable_path/Frameworks",
					"@loader_path/Frameworks",
				);
				PRODUCT_BUNDLE_IDENTIFIER = com.kocherovets.MoviesDBUITests;
				PRODUCT_NAME = "$(TARGET_NAME)";
				SWIFT_VERSION = 5.0;
				TARGETED_DEVICE_FAMILY = "1,2";
				TEST_TARGET_NAME = MoviesDB;
			};
			name = Release;
		};
/* End XCBuildConfiguration section */

/* Begin XCConfigurationList section */
		C3DFBABE2378A0C2003259FF /* Build configuration list for PBXProject "MoviesDB" */ = {
			isa = XCConfigurationList;
			buildConfigurations = (
				C3DFBAEE2378A0C4003259FF /* Debug */,
				C3DFBAEF2378A0C4003259FF /* Release */,
			);
			defaultConfigurationIsVisible = 0;
			defaultConfigurationName = Release;
		};
		C3DFBAF02378A0C4003259FF /* Build configuration list for PBXNativeTarget "MoviesDB" */ = {
			isa = XCConfigurationList;
			buildConfigurations = (
				C3DFBAF12378A0C4003259FF /* Debug */,
				C3DFBAF22378A0C4003259FF /* Release */,
			);
			defaultConfigurationIsVisible = 0;
			defaultConfigurationName = Release;
		};
		C3DFBAF32378A0C4003259FF /* Build configuration list for PBXNativeTarget "MoviesDBTests" */ = {
			isa = XCConfigurationList;
			buildConfigurations = (
				C3DFBAF42378A0C4003259FF /* Debug */,
				C3DFBAF52378A0C4003259FF /* Release */,
			);
			defaultConfigurationIsVisible = 0;
			defaultConfigurationName = Release;
		};
		C3DFBAF62378A0C4003259FF /* Build configuration list for PBXNativeTarget "MoviesDBUITests" */ = {
			isa = XCConfigurationList;
			buildConfigurations = (
				C3DFBAF72378A0C4003259FF /* Debug */,
				C3DFBAF82378A0C4003259FF /* Release */,
			);
			defaultConfigurationIsVisible = 0;
			defaultConfigurationName = Release;
		};
/* End XCConfigurationList section */

/* Begin XCVersionGroup section */
		C3DFBACF2378A0C2003259FF /* MoviesDB.xcdatamodeld */ = {
			isa = XCVersionGroup;
			children = (
				C3DFBAD02378A0C2003259FF /* MoviesDB.xcdatamodel */,
			);
			currentVersion = C3DFBAD02378A0C2003259FF /* MoviesDB.xcdatamodel */;
			path = MoviesDB.xcdatamodeld;
			sourceTree = "<group>";
			versionGroupType = wrapper.xcdatamodel;
		};
/* End XCVersionGroup section */
	};
	rootObject = C3DFBABB2378A0C2003259FF /* Project object */;
}
