PODS:
  - Alamofire (4.9.1)
  - DeclarativeTVC (1.0.8):
    - DifferenceKit
  - DifferenceKit (1.1.3):
    - DifferenceKit/Core (= 1.1.3)
    - DifferenceKit/UIKitExtension (= 1.1.3)
  - DifferenceKit/Core (1.1.3)
  - DifferenceKit/UIKitExtension (1.1.3):
    - DifferenceKit/Core
  - Kingfisher (5.11.0):
    - Kingfisher/Core (= 5.11.0)
  - Kingfisher/Core (5.11.0)
  - Moya (13.0.1):
    - Moya/Core (= 13.0.1)
  - Moya/Core (13.0.1):
    - Alamofire (~> 4.1)
    - Result (~> 4.1)
  - RedSwift (1.0.4)
  - ReduxVM (1.0.3):
    - DeclarativeTVC
    - RedSwift
  - Result (4.1.0)

DEPENDENCIES:
  - Kingfisher (~> 5.0)
  - Moya (~> 13.0)
  - ReduxVM (from `https://github.com/kocherovets/ReduxVM.git`, branch `master`)

SPEC REPOS:
  https://github.com/CocoaPods/Specs.git:
    - Alamofire
    - DeclarativeTVC
    - DifferenceKit
    - Kingfisher
    - Moya
    - RedSwift
    - Result

EXTERNAL SOURCES:
  ReduxVM:
    :branch: master
    :git: https://github.com/kocherovets/ReduxVM.git

CHECKOUT OPTIONS:
  ReduxVM:
    :commit: c6f8b37f58d3897ed0d68d0a9d0af78302a063ea
    :git: https://github.com/kocherovets/ReduxVM.git

SPEC CHECKSUMS:
  Alamofire: 85e8a02c69d6020a0d734f6054870d7ecb75cf18
  DeclarativeTVC: bc4eed2bdb18149cc599fbbb75f615504b96ece4
  DifferenceKit: 5018791b6c1fc839921a3c171a0a539ace6ea60c
  Kingfisher: 4569606189149e19c7d9439f47e885d0679b7a90
  Moya: f4a4b80ff2f8a4ffc208dfb31cd91636622fee6e
  RedSwift: 545536d7ff140410fafa0f91f896b76a1e99d883
  ReduxVM: 89c89cd5c51c84f1efc410a64337f73870b48935
  Result: bd966fac789cc6c1563440b348ab2598cc24d5c7

PODFILE CHECKSUM: 3d2b6877761e753e30c9b41f012f36c83b120d7b

COCOAPODS: 1.8.4
