PODS:
  - Alamofire (4.9.1)
  - DeclarativeTVC (1.0.14):
    - DifferenceKit
  - DifferenceKit (1.1.5):
    - DifferenceKit/Core (= 1.1.5)
    - DifferenceKit/UIKitExtension (= 1.1.5)
  - DifferenceKit/Core (1.1.5)
  - DifferenceKit/UIKitExtension (1.1.5):
    - DifferenceKit/Core
  - DITranquillity (3.9.3):
    - SwiftLazy
  - Kingfisher (5.13.2):
    - Kingfisher/Core (= 5.13.2)
  - Kingfisher/Core (5.13.2)
  - Moya (13.0.1):
    - Moya/Core (= 13.0.1)
  - Moya/Core (13.0.1):
    - Alamofire (~> 4.1)
    - Result (~> 4.1)
  - RedSwift (1.0.21)
  - ReduxVM (1.0.31):
    - DeclarativeTVC
    - RedSwift
  - Result (4.1.0)
  - SwiftLazy (1.1.7)

DEPENDENCIES:
  - DITranquillity
  - Kingfisher (~> 5.0)
  - Moya (~> 13.0)
  - ReduxVM

SPEC REPOS:
  https://github.com/CocoaPods/Specs.git:
    - Alamofire
    - DeclarativeTVC
    - DifferenceKit
    - DITranquillity
    - Kingfisher
    - Moya
    - RedSwift
    - ReduxVM
    - Result
    - SwiftLazy

SPEC CHECKSUMS:
  Alamofire: 85e8a02c69d6020a0d734f6054870d7ecb75cf18
  DeclarativeTVC: 53d3f5f413c9cb13eeeeaaeb9a30a4eda543ff7e
  DifferenceKit: 516f12e336ed65a3a0665847b5c3cb5cad4bd4ea
  DITranquillity: 7aba075b73dbb1f321a1218dd3d9f1bd5ad9427b
  Kingfisher: d342c8354c10c3d85a27d6d4c42c41285924b898
  Moya: f4a4b80ff2f8a4ffc208dfb31cd91636622fee6e
  RedSwift: bc8935bc97d81d10bf4a8d80250c91cd5f38aba4
  ReduxVM: 17af30634f1f3d201b7186137e429251792710fd
  Result: bd966fac789cc6c1563440b348ab2598cc24d5c7
  SwiftLazy: dcb1edc6c2b633ba2e68f28554d9dd6d1c0bfd13

PODFILE CHECKSUM: 9adafe243f30a2913be2ab4633502f59eed5edff

COCOAPODS: 1.8.4
